# This file was autogenerated by Stack.
# You should not edit this file by hand.
# For more information, please see the documentation at:
#   https://docs.haskellstack.org/en/stable/lock_files

packages:
- completed:
    name: slick
    pantry-tree:
      sha256: 551394912628327a977ad8a714bd7de6aa15dd9f08a9000051fe88cc5e616b62
      size: 880
    sha256: 9de86ca7ba8e86f503b63356f096a9df478329173458de567adf6d5209605846
    size: 11191
    url: https://github.com/ChrisPenner/slick/archive/0127e8d7942dba17967d6ef431093f730e00d5e3.tar.gz
    version: 1.1.2.2
  original:
    url: https://github.com/ChrisPenner/slick/archive/0127e8d7942dba17967d6ef431093f730e00d5e3.tar.gz
- completed:
    hackage: mustache-2.4.1@sha256:dc92ddbf90e3a64c3f2ec7785cf2937d6dcf6ffcebbc38ad9c8b33b6a70bb298,3180
    pantry-tree:
      sha256: d201b56e6402cf92b69f60718658bf25fc602fabe87d3c84934d07c910194e38
      size: 1182
  original:
    hackage: mustache-2.4.1@sha256:dc92ddbf90e3a64c3f2ec7785cf2937d6dcf6ffcebbc38ad9c8b33b6a70bb298,3180
snapshots:
- completed:
    sha256: adbc602422dde10cc330175da7de8609e70afc41449a7e2d6e8b1827aa0e5008
    size: 649342
    url: https://raw.githubusercontent.com/commercialhaskell/stackage-snapshots/master/lts/20/11.yaml
  original: lts-20.11
